PODS:
  - BaseModule (0.1.0)
  - Masonry (1.1.0)
  - ModuleA (0.1.0):
    - BaseModule
  - ModuleB (0.1.0):
    - BaseModule

DEPENDENCIES:
  - BaseModule (from `./BaseModule`)
  - Masonry
  - ModuleA (from `./ModuleA`)
  - ModuleB (from `./ModuleB`)

SPEC REPOS:
  trunk:
    - Masonry

EXTERNAL SOURCES:
  BaseModule:
    :path: "./BaseModule"
  ModuleA:
    :path: "./ModuleA"
  ModuleB:
    :path: "./ModuleB"

SPEC CHECKSUMS:
  BaseModule: e37b566aca5e1f2ef957006ccffa0d9b50a58b0b
  Masonry: 678fab65091a9290e40e2832a55e7ab731aad201
  ModuleA: 03f13e620099b9ffba04283026193f71f586f7a5
  ModuleB: 19036eaa392e1670b4ef2ba63d2eb55447dc16ce

PODFILE CHECKSUM: c995fa67ccdd640e6eaa696758e1dce4740cce50

COCOAPODS: 1.16.2
